
Microsoft Visual Studio Solution File, Format Version 12.00
# Visual Studio 15
VisualStudioVersion = 15.0.28022.0
MinimumVisualStudioVersion = 10.0.40219.1
Project("{FAE04EC0-301F-11D3-BF4B-00C04F79EFBC}") = "VSInspector", "VSInspector\VSInspector.csproj", "{6A021006-2EDB-4048-8548-DB4EF01224FB}"
EndProject
Global
	GlobalSection(SolutionConfigurationPlatforms) = preSolution
		Debug|Any CPU = Debug|Any CPU
		Release|Any CPU = Release|Any CPU
	EndGlobalSection
	GlobalSection(ProjectConfigurationPlatforms) = postSolution
		{6A021006-2EDB-4048-8548-DB4EF01224FB}.Debug|Any CPU.ActiveCfg = Debug|Any CPU
		{6A021006-2EDB-4048-8548-DB4EF01224FB}.Debug|Any CPU.Build.0 = Debug|Any CPU
		{6A021006-2EDB-4048-8548-DB4EF01224FB}.Release|Any CPU.ActiveCfg = Release|Any CPU
		{6A021006-2EDB-4048-8548-DB4EF01224FB}.Release|Any CPU.Build.0 = Release|Any CPU
	EndGlobalSection
	GlobalSection(SolutionProperties) = preSolution
		HideSolutionNode = FALSE
	EndGlobalSection
	GlobalSection(ExtensibilityGlobals) = postSolution
		SolutionGuid = {EE0FC709-3154-445A-A79D-D905586220F1}
	EndGlobalSection
EndGlobal
