
Microsoft Visual Studio Solution File, Format Version 12.00
# Visual Studio Version 16
VisualStudioVersion = 16.0.30816.48
MinimumVisualStudioVersion = 10.0.40219.1
Project("{9A19103F-16F7-4668-BE54-9A1E7A4F7556}") = "VSInspector", "src\VSInspector\VSInspector.csproj", "{08E40D90-9A0F-430A-9362-FCD1D552DC51}"
EndProject
Global
	GlobalSection(SolutionConfigurationPlatforms) = preSolution
		Debug|Any CPU = Debug|Any CPU
		Release|Any CPU = Release|Any CPU
	EndGlobalSection
	GlobalSection(ProjectConfigurationPlatforms) = postSolution
		{08E40D90-9A0F-430A-9362-FCD1D552DC51}.Debug|Any CPU.ActiveCfg = Debug|Any CPU
		{08E40D90-9A0F-430A-9362-FCD1D552DC51}.Debug|Any CPU.Build.0 = Debug|Any CPU
		{08E40D90-9A0F-430A-9362-FCD1D552DC51}.Release|Any CPU.ActiveCfg = Release|Any CPU
		{08E40D90-9A0F-430A-9362-FCD1D552DC51}.Release|Any CPU.Build.0 = Release|Any CPU
	EndGlobalSection
	GlobalSection(SolutionProperties) = preSolution
		HideSolutionNode = FALSE
	EndGlobalSection
	GlobalSection(ExtensibilityGlobals) = postSolution
		SolutionGuid = {EE0FC709-3154-445A-A79D-D905586220F1}
	EndGlobalSection
EndGlobal
